
Microsoft Visual Studio Solution File, Format Version 12.00
# Visual Studio Version 17
VisualStudioVersion = 17.7.34202.233
MinimumVisualStudioVersion = 10.0.40219.1
Project("{FAE04EC0-301F-11D3-BF4B-00C04F79EFBC}") = "31.Decoding ID", "31.Decoding ID.csproj", "{7C098A24-B37B-40C7-89F2-D78CE0F9D2A5}"
EndProject
Global
	GlobalSection(SolutionConfigurationPlatforms) = preSolution
		Debug|Any CPU = Debug|Any CPU
		Release|Any CPU = Release|Any CPU
	EndGlobalSection
	GlobalSection(ProjectConfigurationPlatforms) = postSolution
		{7C098A24-B37B-40C7-89F2-D78CE0F9D2A5}.Debug|Any CPU.ActiveCfg = Debug|Any CPU
		{7C098A24-B37B-40C7-89F2-D78CE0F9D2A5}.Debug|Any CPU.Build.0 = Debug|Any CPU
		{7C098A24-B37B-40C7-89F2-D78CE0F9D2A5}.Release|Any CPU.ActiveCfg = Release|Any CPU
		{7C098A24-B37B-40C7-89F2-D78CE0F9D2A5}.Release|Any CPU.Build.0 = Release|Any CPU
	EndGlobalSection
	GlobalSection(SolutionProperties) = preSolution
		HideSolutionNode = FALSE
	EndGlobalSection
	GlobalSection(ExtensibilityGlobals) = postSolution
		SolutionGuid = {B619D348-6402-481A-A10E-E70F86BF59D2}
	EndGlobalSection
EndGlobal
